
Microsoft Visual Studio Solution File, Format Version 12.00
# Visual Studio Version 17
VisualStudioVersion = 17.3.32825.248
MinimumVisualStudioVersion = 10.0.40219.1
Project("{FAE04EC0-301F-11D3-BF4B-00C04F79EFBC}") = "Part01", "Part01\Part01.csproj", "{A6D665C2-35A4-4BA1-B31C-45EF0EBB51EF}"
EndProject
Project("{FAE04EC0-301F-11D3-BF4B-00C04F79EFBC}") = "Part02", "Part02\Part02.csproj", "{DA52FB16-67DA-4AA3-A0C5-3195862E15A0}"
EndProject
Project("{FAE04EC0-301F-11D3-BF4B-00C04F79EFBC}") = "Part04", "Part04\Part04.csproj", "{D5317A4D-0F8F-40EE-BC68-52B1B64C9233}"
EndProject
Project("{FAE04EC0-301F-11D3-BF4B-00C04F79EFBC}") = "Part05", "Part05\Part05.csproj", "{10CEB9A5-E1AA-474F-B9B1-6604A463CF81}"
EndProject
Project("{FAE04EC0-301F-11D3-BF4B-00C04F79EFBC}") = "Part06", "Part06\Part06.csproj", "{8ABE79BC-080F-4139-A2B5-0887D159ADCE}"
EndProject
Project("{2150E333-8FDC-42A3-9474-1A3956D46DE8}") = "Day02", "Day02", "{58953C4B-5029-4B38-854C-DD2942EA6D7D}"
EndProject
Project("{2150E333-8FDC-42A3-9474-1A3956D46DE8}") = "Day03", "Day03", "{CBDD769A-22D2-45F1-AA00-2B22DDA28944}"
EndProject
Project("{FAE04EC0-301F-11D3-BF4B-00C04F79EFBC}") = "Part07", "Part07\Part07.csproj", "{14CC7FE9-4A65-4A4E-8869-F3A637BF51C7}"
EndProject
Project("{FAE04EC0-301F-11D3-BF4B-00C04F79EFBC}") = "Part08", "Part08\Part08.csproj", "{3C91B63D-53A8-45DB-AFCC-E64932000264}"
EndProject
Project("{FAE04EC0-301F-11D3-BF4B-00C04F79EFBC}") = "Part09", "Part09\Part09.csproj", "{77B1CB64-CCD5-4B33-A607-E60C1A7A49CA}"
EndProject
Project("{FAE04EC0-301F-11D3-BF4B-00C04F79EFBC}") = "Part10", "Part10\Part10.csproj", "{257F0A97-F8F1-4BF0-9131-79401F92832D}"
EndProject
Project("{FAE04EC0-301F-11D3-BF4B-00C04F79EFBC}") = "Part11", "Part11\Part11.csproj", "{1C6F090D-D747-43DE-A2ED-96DF4B637599}"
EndProject
Project("{FAE04EC0-301F-11D3-BF4B-00C04F79EFBC}") = "Part12", "Part12\Part12.csproj", "{321A0A42-389F-4C77-AD94-085A92C0B04B}"
EndProject
Project("{FAE04EC0-301F-11D3-BF4B-00C04F79EFBC}") = "Part13", "Part13\Part13.csproj", "{8ABBEFC1-E108-47A0-A887-934144E567F8}"
EndProject
Project("{FAE04EC0-301F-11D3-BF4B-00C04F79EFBC}") = "Part14", "Part14\Part14.csproj", "{C49B4D37-628B-4398-96EA-56CFB7457714}"
EndProject
Project("{FAE04EC0-301F-11D3-BF4B-00C04F79EFBC}") = "Part15", "Part15\Part15.csproj", "{54877913-102E-44BA-AF2C-03D2AA858794}"
EndProject
Project("{2150E333-8FDC-42A3-9474-1A3956D46DE8}") = "Day04", "Day04", "{7C3E8F68-D4EF-4488-8C1D-71E5E2CAD63B}"
EndProject
Project("{FAE04EC0-301F-11D3-BF4B-00C04F79EFBC}") = "Part16", "Part16\Part16.csproj", "{C75B73A8-9E57-418A-9B9A-E61650A8E10B}"
EndProject
Project("{FAE04EC0-301F-11D3-BF4B-00C04F79EFBC}") = "Part17", "Part17\Part17.csproj", "{813E59CB-F296-4963-97D7-A176F243797A}"
EndProject
Project("{FAE04EC0-301F-11D3-BF4B-00C04F79EFBC}") = "Part18", "Part18\Part18.csproj", "{9644CB69-7E53-49A4-A726-BF1CB4239DC0}"
EndProject
Project("{FAE04EC0-301F-11D3-BF4B-00C04F79EFBC}") = "Part19", "Part19\Part19.csproj", "{4BB15AC4-EA43-4AA5-B522-9B1EBA994CEC}"
EndProject
Project("{FAE04EC0-301F-11D3-BF4B-00C04F79EFBC}") = "Part20", "Part20\Part20.csproj", "{AF764CCD-BF01-46A1-A0DA-A1D1D68380E5}"
EndProject
Project("{FAE04EC0-301F-11D3-BF4B-00C04F79EFBC}") = "Part21", "Part21\Part21.csproj", "{D02F1EC7-690D-4BF5-B109-1B9BA88DA183}"
EndProject
Project("{FAE04EC0-301F-11D3-BF4B-00C04F79EFBC}") = "Part22", "Part22\Part22.csproj", "{B20F861B-6971-4A23-BBA6-42AA3864A145}"
EndProject
Project("{FAE04EC0-301F-11D3-BF4B-00C04F79EFBC}") = "Part23", "Part23\Part23.csproj", "{8D153D30-F1EC-47BD-BAF4-9470FF16A3EA}"
EndProject
Project("{FAE04EC0-301F-11D3-BF4B-00C04F79EFBC}") = "Part24", "Part24\Part24.csproj", "{E6D7190C-6CAB-4A53-8EEB-485ECB8E23A9}"
EndProject
Project("{2150E333-8FDC-42A3-9474-1A3956D46DE8}") = "Day05", "Day05", "{8938D5C0-3C74-4A47-8148-F9904D3BFD68}"
EndProject
Project("{FAE04EC0-301F-11D3-BF4B-00C04F79EFBC}") = "Part25", "Part25\Part25.csproj", "{A3F6392B-BFD1-4BAC-B2E8-B870BDBA1E99}"
EndProject
Project("{FAE04EC0-301F-11D3-BF4B-00C04F79EFBC}") = "Part26", "Part26\Part26.csproj", "{943B2ABB-902F-495C-8206-2CF038E83A8A}"
EndProject
Project("{FAE04EC0-301F-11D3-BF4B-00C04F79EFBC}") = "Part27", "Part27\Part27.csproj", "{56E2A51D-1CB4-43ED-8064-942DBA56C023}"
EndProject
Project("{FAE04EC0-301F-11D3-BF4B-00C04F79EFBC}") = "Part28", "Part28\Part28.csproj", "{42BA7ECE-2E78-4BD1-BDF1-D02EE9DCBF66}"
EndProject
Project("{FAE04EC0-301F-11D3-BF4B-00C04F79EFBC}") = "Part29", "Part29\Part29.csproj", "{A5CD5A73-AC6D-47E4-8ABB-E2977F6D569C}"
EndProject
Project("{FAE04EC0-301F-11D3-BF4B-00C04F79EFBC}") = "Part30", "Part30\Part30.csproj", "{A3CF5A44-5553-4D93-B459-8BD993C002B0}"
EndProject
Project("{2150E333-8FDC-42A3-9474-1A3956D46DE8}") = "Day06", "Day06", "{4E95FB5A-94FD-423D-9F80-05B35F68B547}"
EndProject
Project("{FAE04EC0-301F-11D3-BF4B-00C04F79EFBC}") = "Part31", "Part31\Part31.csproj", "{A6358B55-4918-4DDC-9AE5-3375EEAAA661}"
EndProject
Project("{FAE04EC0-301F-11D3-BF4B-00C04F79EFBC}") = "Part32", "Part32\Part32.csproj", "{A0921EF1-AD6A-4290-BC9B-F8A4DB054420}"
EndProject
Project("{FAE04EC0-301F-11D3-BF4B-00C04F79EFBC}") = "Part33", "Part33\Part33.csproj", "{F49FEADF-1520-4E78-8447-25A3D253F33A}"
EndProject
Project("{FAE04EC0-301F-11D3-BF4B-00C04F79EFBC}") = "Part34", "Part34\Part34.csproj", "{3483558F-161B-4B99-858D-BABB88B7F9D4}"
EndProject
Project("{2150E333-8FDC-42A3-9474-1A3956D46DE8}") = "Day07", "Day07", "{A8BD3DA0-5336-4E06-9B25-F903DBA7414A}"
EndProject
Project("{FAE04EC0-301F-11D3-BF4B-00C04F79EFBC}") = "Part35", "Part35\Part35.csproj", "{B48A9C41-69A1-4D7F-9E3F-10FDE27DD65D}"
EndProject
Project("{FAE04EC0-301F-11D3-BF4B-00C04F79EFBC}") = "Part36", "Part36\Part36.csproj", "{AAAA5675-F34E-43CA-A21F-73388DFCC3C3}"
EndProject
Project("{FAE04EC0-301F-11D3-BF4B-00C04F79EFBC}") = "Part37", "Part37\Part37.csproj", "{212F9D0F-70A4-4C7F-A199-FC31098B1862}"
EndProject
Project("{FAE04EC0-301F-11D3-BF4B-00C04F79EFBC}") = "Part38", "Part38\Part38.csproj", "{CBA82E8C-5EDD-46B1-8A2C-C5614F9F0A0A}"
EndProject
Project("{FAE04EC0-301F-11D3-BF4B-00C04F79EFBC}") = "Part39", "Part39\Part39.csproj", "{7B5E618F-CF2F-4A28-8E43-DC560994BE49}"
EndProject
Project("{FAE04EC0-301F-11D3-BF4B-00C04F79EFBC}") = "Part40", "Part40\Part40.csproj", "{C20094E7-C3C2-42C6-B506-00860A193B37}"
EndProject
Project("{FAE04EC0-301F-11D3-BF4B-00C04F79EFBC}") = "Part41", "Part41\Part41.csproj", "{33F3F584-D275-4788-B70B-9C5F3F32155C}"
EndProject
Project("{2150E333-8FDC-42A3-9474-1A3956D46DE8}") = "Day08", "Day08", "{245F682E-2E1F-4DF6-8C10-0111A46F06CD}"
EndProject
Project("{FAE04EC0-301F-11D3-BF4B-00C04F79EFBC}") = "Part42", "Part42\Part42.csproj", "{8D0C1448-1969-4A51-AC02-C9AD080820B6}"
EndProject
Project("{FAE04EC0-301F-11D3-BF4B-00C04F79EFBC}") = "Part43", "Part43\Part43.csproj", "{FDB1FBA6-387F-40AF-B1C7-147243F85B00}"
EndProject
Project("{FAE04EC0-301F-11D3-BF4B-00C04F79EFBC}") = "Part44", "Part44\Part44.csproj", "{7808D1CE-A5D2-437D-9E75-8B056681A481}"
EndProject
Project("{FAE04EC0-301F-11D3-BF4B-00C04F79EFBC}") = "Part45", "Part45\Part45.csproj", "{E90BC742-AEA4-45D7-A47D-EB581417A130}"
EndProject
Project("{2150E333-8FDC-42A3-9474-1A3956D46DE8}") = "Day09", "Day09", "{A2519548-99F4-4FB9-AFCF-2251212AED4F}"
EndProject
Project("{FAE04EC0-301F-11D3-BF4B-00C04F79EFBC}") = "Part46", "Part46\Part46.csproj", "{4CF1406A-FBDA-4204-A21D-6B2CAF9D3839}"
EndProject
Project("{FAE04EC0-301F-11D3-BF4B-00C04F79EFBC}") = "Part47", "Part47\Part47.csproj", "{17D4D31E-167A-4CFF-9525-CF63EC83FF7D}"
EndProject
Project("{2150E333-8FDC-42A3-9474-1A3956D46DE8}") = "Day10", "Day10", "{E1267B4A-2235-4462-9445-C5A2E6276824}"
EndProject
Project("{FAE04EC0-301F-11D3-BF4B-00C04F79EFBC}") = "Part48", "Part48\Part48.csproj", "{B0723119-2C71-4F5B-90BE-883F94EE7508}"
EndProject
Project("{2150E333-8FDC-42A3-9474-1A3956D46DE8}") = "Day11", "Day11", "{3804D7C2-6706-4A82-A3FF-74EBAA03288D}"
EndProject
Project("{2150E333-8FDC-42A3-9474-1A3956D46DE8}") = "Day12", "Day12", "{C61F69E5-8297-4CF6-8320-93FC528FD7D9}"
EndProject
Project("{FAE04EC0-301F-11D3-BF4B-00C04F79EFBC}") = "Part50", "Part50\Part50.csproj", "{F66EE3D8-06DC-40BE-BE5C-1D0D2B029D30}"
EndProject
Project("{2150E333-8FDC-42A3-9474-1A3956D46DE8}") = "Day13", "Day13", "{4EA2321F-1EFA-4984-A0F3-6CA2068B5348}"
EndProject
Project("{FAE04EC0-301F-11D3-BF4B-00C04F79EFBC}") = "Part51", "Part51\Part51.csproj", "{DC4BD755-4044-49CE-A3DE-AF41D2A3DE49}"
EndProject
Project("{2150E333-8FDC-42A3-9474-1A3956D46DE8}") = "Day14", "Day14", "{25DDFCB5-9F80-4286-B1B1-33363C3179C5}"
EndProject
Project("{FAE04EC0-301F-11D3-BF4B-00C04F79EFBC}") = "Part52", "Part52\Part52.csproj", "{10D318AB-12C4-4790-8C7F-B9868CEBD801}"
EndProject
Project("{2150E333-8FDC-42A3-9474-1A3956D46DE8}") = "Day15", "Day15", "{A7B6F6A9-861F-421B-A6FE-822DDE476955}"
EndProject
Project("{2150E333-8FDC-42A3-9474-1A3956D46DE8}") = "Day16", "Day16", "{2EE7268E-9B75-43AA-88AF-5B98847BA9B4}"
EndProject
Project("{FAE04EC0-301F-11D3-BF4B-00C04F79EFBC}") = "Part53", "Part53\Part53.csproj", "{8B0D6AD3-034B-462E-B6E6-AEBF4EEB67DC}"
EndProject
Project("{FAE04EC0-301F-11D3-BF4B-00C04F79EFBC}") = "Part54", "Part54\Part54.csproj", "{AD254315-A38C-43FF-AD89-11CA65656657}"
EndProject
Project("{FAE04EC0-301F-11D3-BF4B-00C04F79EFBC}") = "Part55", "Part55\Part55.csproj", "{351FA0AF-CD7E-4675-9BAC-69D6E6870D83}"
EndProject
Project("{2150E333-8FDC-42A3-9474-1A3956D46DE8}") = "Day17", "Day17", "{5D2B04C6-72AD-49C6-B531-1B96959D926F}"
EndProject
Project("{FAE04EC0-301F-11D3-BF4B-00C04F79EFBC}") = "Part56", "Part56\Part56.csproj", "{14765D29-A183-468D-AEAB-D43D2D07B7B1}"
EndProject
Project("{FAE04EC0-301F-11D3-BF4B-00C04F79EFBC}") = "Part57", "Part57\Part57.csproj", "{8D44F79F-E749-4D7F-81EF-9847CBDD5D35}"
EndProject
Project("{2150E333-8FDC-42A3-9474-1A3956D46DE8}") = "Day18", "Day18", "{5671FD34-B449-4605-8A68-F758AFA34C90}"
EndProject
Project("{FAE04EC0-301F-11D3-BF4B-00C04F79EFBC}") = "Part58", "Part58\Part58.csproj", "{68CBE5E9-6828-42EE-BA3E-C6A66442BFAA}"
EndProject
Project("{FAE04EC0-301F-11D3-BF4B-00C04F79EFBC}") = "Part59", "Part59\Part59.csproj", "{3E3530C1-5354-45D7-93C9-AA98C0FF54CA}"
EndProject
Project("{2150E333-8FDC-42A3-9474-1A3956D46DE8}") = "Day20", "Day20", "{FBF4CEA5-5C4C-47BC-8F82-0D53E6554588}"
EndProject
Project("{FAE04EC0-301F-11D3-BF4B-00C04F79EFBC}") = "Part60", "Part60\Part60.csproj", "{CE9D4A48-80B5-48B0-88A0-FA8003526D1B}"
EndProject
Project("{2150E333-8FDC-42A3-9474-1A3956D46DE8}") = "Day21", "Day21", "{1EC3866D-0DC7-44F7-9897-2DEEF978379B}"
EndProject
Project("{FAE04EC0-301F-11D3-BF4B-00C04F79EFBC}") = "Part61", "Part61\Part61.csproj", "{E1F7CDC0-129F-46D1-AAA4-6DCCA45FAA15}"
EndProject
Project("{2150E333-8FDC-42A3-9474-1A3956D46DE8}") = "Day22", "Day22", "{6DC8C5C1-4055-42E6-B4B9-63B5A4E5F403}"
	ProjectSection(SolutionItems) = preProject
		Day22.txt = Day22.txt
	EndProjectSection
EndProject
Project("{2150E333-8FDC-42A3-9474-1A3956D46DE8}") = "Day23", "Day23", "{8FBBC4DD-D695-4CBE-954E-42D53291B770}"
EndProject
Project("{FAE04EC0-301F-11D3-BF4B-00C04F79EFBC}") = "Part62", "Part62\Part62.csproj", "{92AA79AD-C51F-430D-8278-C985B6E11673}"
EndProject
Project("{FAE04EC0-301F-11D3-BF4B-00C04F79EFBC}") = "Part63", "Part63\Part63.csproj", "{BCC51CC9-5760-49F8-87C1-EEC913BBD412}"
EndProject
Project("{9A19103F-16F7-4668-BE54-9A1E7A4F7556}") = "Part64", "Part64\Part64.csproj", "{90033D33-A703-4ED1-8926-1931AF55C8E6}"
EndProject
Project("{2150E333-8FDC-42A3-9474-1A3956D46DE8}") = "Day24", "Day24", "{795F9939-BB4C-4AAE-9ED5-B454540209F1}"
EndProject
Project("{FAE04EC0-301F-11D3-BF4B-00C04F79EFBC}") = "Part65", "Part65\Part65.csproj", "{FBBEA93E-5E8A-40E1-BBAE-44E5B9D8EA13}"
EndProject
Project("{2150E333-8FDC-42A3-9474-1A3956D46DE8}") = "Day25", "Day25", "{E147D0EE-7A79-4F50-9E6A-7C93B800189F}"
EndProject
Project("{9A19103F-16F7-4668-BE54-9A1E7A4F7556}") = "Part66", "Part66\Part66.csproj", "{7D2357C7-6D0E-4EB6-AE85-F1530615B924}"
EndProject
Project("{9A19103F-16F7-4668-BE54-9A1E7A4F7556}") = "Part67", "Part67\Part67.csproj", "{82CE2DF0-F5E0-4F3A-BFFA-0A6DBA875A36}"
EndProject
Project("{9A19103F-16F7-4668-BE54-9A1E7A4F7556}") = "MainForm", "MainForm\MainForm.csproj", "{525D3D3A-2891-4A94-9445-4ED0144EE2CB}"
EndProject
Project("{2150E333-8FDC-42A3-9474-1A3956D46DE8}") = "Day26", "Day26", "{6EA9CAE0-42EF-4A69-9A63-C8EB55A0119B}"
EndProject
Project("{2150E333-8FDC-42A3-9474-1A3956D46DE8}") = "Day27", "Day27", "{8597861A-B586-49B1-ACE0-4FC8B69522AC}"
EndProject
Project("{FAE04EC0-301F-11D3-BF4B-00C04F79EFBC}") = "MainForm2", "MainForm2\MainForm2.csproj", "{DF22402A-94F9-4AEB-82A2-F963A290B4B4}"
EndProject
Global
	GlobalSection(SolutionConfigurationPlatforms) = preSolution
		Debug|Any CPU = Debug|Any CPU
		Release|Any CPU = Release|Any CPU
	EndGlobalSection
	GlobalSection(ProjectConfigurationPlatforms) = postSolution
		{A6D665C2-35A4-4BA1-B31C-45EF0EBB51EF}.Debug|Any CPU.ActiveCfg = Debug|Any CPU
		{A6D665C2-35A4-4BA1-B31C-45EF0EBB51EF}.Debug|Any CPU.Build.0 = Debug|Any CPU
		{A6D665C2-35A4-4BA1-B31C-45EF0EBB51EF}.Release|Any CPU.ActiveCfg = Release|Any CPU
		{A6D665C2-35A4-4BA1-B31C-45EF0EBB51EF}.Release|Any CPU.Build.0 = Release|Any CPU
		{DA52FB16-67DA-4AA3-A0C5-3195862E15A0}.Debug|Any CPU.ActiveCfg = Debug|Any CPU
		{DA52FB16-67DA-4AA3-A0C5-3195862E15A0}.Debug|Any CPU.Build.0 = Debug|Any CPU
		{DA52FB16-67DA-4AA3-A0C5-3195862E15A0}.Release|Any CPU.ActiveCfg = Release|Any CPU
		{DA52FB16-67DA-4AA3-A0C5-3195862E15A0}.Release|Any CPU.Build.0 = Release|Any CPU
		{D5317A4D-0F8F-40EE-BC68-52B1B64C9233}.Debug|Any CPU.ActiveCfg = Debug|Any CPU
		{D5317A4D-0F8F-40EE-BC68-52B1B64C9233}.Debug|Any CPU.Build.0 = Debug|Any CPU
		{D5317A4D-0F8F-40EE-BC68-52B1B64C9233}.Release|Any CPU.ActiveCfg = Release|Any CPU
		{D5317A4D-0F8F-40EE-BC68-52B1B64C9233}.Release|Any CPU.Build.0 = Release|Any CPU
		{10CEB9A5-E1AA-474F-B9B1-6604A463CF81}.Debug|Any CPU.ActiveCfg = Debug|Any CPU
		{10CEB9A5-E1AA-474F-B9B1-6604A463CF81}.Debug|Any CPU.Build.0 = Debug|Any CPU
		{10CEB9A5-E1AA-474F-B9B1-6604A463CF81}.Release|Any CPU.ActiveCfg = Release|Any CPU
		{10CEB9A5-E1AA-474F-B9B1-6604A463CF81}.Release|Any CPU.Build.0 = Release|Any CPU
		{8ABE79BC-080F-4139-A2B5-0887D159ADCE}.Debug|Any CPU.ActiveCfg = Debug|Any CPU
		{8ABE79BC-080F-4139-A2B5-0887D159ADCE}.Debug|Any CPU.Build.0 = Debug|Any CPU
		{8ABE79BC-080F-4139-A2B5-0887D159ADCE}.Release|Any CPU.ActiveCfg = Release|Any CPU
		{8ABE79BC-080F-4139-A2B5-0887D159ADCE}.Release|Any CPU.Build.0 = Release|Any CPU
		{14CC7FE9-4A65-4A4E-8869-F3A637BF51C7}.Debug|Any CPU.ActiveCfg = Debug|Any CPU
		{14CC7FE9-4A65-4A4E-8869-F3A637BF51C7}.Debug|Any CPU.Build.0 = Debug|Any CPU
		{14CC7FE9-4A65-4A4E-8869-F3A637BF51C7}.Release|Any CPU.ActiveCfg = Release|Any CPU
		{14CC7FE9-4A65-4A4E-8869-F3A637BF51C7}.Release|Any CPU.Build.0 = Release|Any CPU
		{3C91B63D-53A8-45DB-AFCC-E64932000264}.Debug|Any CPU.ActiveCfg = Debug|Any CPU
		{3C91B63D-53A8-45DB-AFCC-E64932000264}.Debug|Any CPU.Build.0 = Debug|Any CPU
		{3C91B63D-53A8-45DB-AFCC-E64932000264}.Release|Any CPU.ActiveCfg = Release|Any CPU
		{3C91B63D-53A8-45DB-AFCC-E64932000264}.Release|Any CPU.Build.0 = Release|Any CPU
		{77B1CB64-CCD5-4B33-A607-E60C1A7A49CA}.Debug|Any CPU.ActiveCfg = Debug|Any CPU
		{77B1CB64-CCD5-4B33-A607-E60C1A7A49CA}.Debug|Any CPU.Build.0 = Debug|Any CPU
		{77B1CB64-CCD5-4B33-A607-E60C1A7A49CA}.Release|Any CPU.ActiveCfg = Release|Any CPU
		{77B1CB64-CCD5-4B33-A607-E60C1A7A49CA}.Release|Any CPU.Build.0 = Release|Any CPU
		{257F0A97-F8F1-4BF0-9131-79401F92832D}.Debug|Any CPU.ActiveCfg = Debug|Any CPU
		{257F0A97-F8F1-4BF0-9131-79401F92832D}.Debug|Any CPU.Build.0 = Debug|Any CPU
		{257F0A97-F8F1-4BF0-9131-79401F92832D}.Release|Any CPU.ActiveCfg = Release|Any CPU
		{257F0A97-F8F1-4BF0-9131-79401F92832D}.Release|Any CPU.Build.0 = Release|Any CPU
		{1C6F090D-D747-43DE-A2ED-96DF4B637599}.Debug|Any CPU.ActiveCfg = Debug|Any CPU
		{1C6F090D-D747-43DE-A2ED-96DF4B637599}.Debug|Any CPU.Build.0 = Debug|Any CPU
		{1C6F090D-D747-43DE-A2ED-96DF4B637599}.Release|Any CPU.ActiveCfg = Release|Any CPU
		{1C6F090D-D747-43DE-A2ED-96DF4B637599}.Release|Any CPU.Build.0 = Release|Any CPU
		{321A0A42-389F-4C77-AD94-085A92C0B04B}.Debug|Any CPU.ActiveCfg = Debug|Any CPU
		{321A0A42-389F-4C77-AD94-085A92C0B04B}.Debug|Any CPU.Build.0 = Debug|Any CPU
		{321A0A42-389F-4C77-AD94-085A92C0B04B}.Release|Any CPU.ActiveCfg = Release|Any CPU
		{321A0A42-389F-4C77-AD94-085A92C0B04B}.Release|Any CPU.Build.0 = Release|Any CPU
		{8ABBEFC1-E108-47A0-A887-934144E567F8}.Debug|Any CPU.ActiveCfg = Debug|Any CPU
		{8ABBEFC1-E108-47A0-A887-934144E567F8}.Debug|Any CPU.Build.0 = Debug|Any CPU
		{8ABBEFC1-E108-47A0-A887-934144E567F8}.Release|Any CPU.ActiveCfg = Release|Any CPU
		{8ABBEFC1-E108-47A0-A887-934144E567F8}.Release|Any CPU.Build.0 = Release|Any CPU
		{C49B4D37-628B-4398-96EA-56CFB7457714}.Debug|Any CPU.ActiveCfg = Debug|Any CPU
		{C49B4D37-628B-4398-96EA-56CFB7457714}.Debug|Any CPU.Build.0 = Debug|Any CPU
		{C49B4D37-628B-4398-96EA-56CFB7457714}.Release|Any CPU.ActiveCfg = Release|Any CPU
		{C49B4D37-628B-4398-96EA-56CFB7457714}.Release|Any CPU.Build.0 = Release|Any CPU
		{54877913-102E-44BA-AF2C-03D2AA858794}.Debug|Any CPU.ActiveCfg = Debug|Any CPU
		{54877913-102E-44BA-AF2C-03D2AA858794}.Debug|Any CPU.Build.0 = Debug|Any CPU
		{54877913-102E-44BA-AF2C-03D2AA858794}.Release|Any CPU.ActiveCfg = Release|Any CPU
		{54877913-102E-44BA-AF2C-03D2AA858794}.Release|Any CPU.Build.0 = Release|Any CPU
		{C75B73A8-9E57-418A-9B9A-E61650A8E10B}.Debug|Any CPU.ActiveCfg = Debug|Any CPU
		{C75B73A8-9E57-418A-9B9A-E61650A8E10B}.Debug|Any CPU.Build.0 = Debug|Any CPU
		{C75B73A8-9E57-418A-9B9A-E61650A8E10B}.Release|Any CPU.ActiveCfg = Release|Any CPU
		{C75B73A8-9E57-418A-9B9A-E61650A8E10B}.Release|Any CPU.Build.0 = Release|Any CPU
		{813E59CB-F296-4963-97D7-A176F243797A}.Debug|Any CPU.ActiveCfg = Debug|Any CPU
		{813E59CB-F296-4963-97D7-A176F243797A}.Debug|Any CPU.Build.0 = Debug|Any CPU
		{813E59CB-F296-4963-97D7-A176F243797A}.Release|Any CPU.ActiveCfg = Release|Any CPU
		{813E59CB-F296-4963-97D7-A176F243797A}.Release|Any CPU.Build.0 = Release|Any CPU
		{9644CB69-7E53-49A4-A726-BF1CB4239DC0}.Debug|Any CPU.ActiveCfg = Debug|Any CPU
		{9644CB69-7E53-49A4-A726-BF1CB4239DC0}.Debug|Any CPU.Build.0 = Debug|Any CPU
		{9644CB69-7E53-49A4-A726-BF1CB4239DC0}.Release|Any CPU.ActiveCfg = Release|Any CPU
		{9644CB69-7E53-49A4-A726-BF1CB4239DC0}.Release|Any CPU.Build.0 = Release|Any CPU
		{4BB15AC4-EA43-4AA5-B522-9B1EBA994CEC}.Debug|Any CPU.ActiveCfg = Debug|Any CPU
		{4BB15AC4-EA43-4AA5-B522-9B1EBA994CEC}.Debug|Any CPU.Build.0 = Debug|Any CPU
		{4BB15AC4-EA43-4AA5-B522-9B1EBA994CEC}.Release|Any CPU.ActiveCfg = Release|Any CPU
		{4BB15AC4-EA43-4AA5-B522-9B1EBA994CEC}.Release|Any CPU.Build.0 = Release|Any CPU
		{AF764CCD-BF01-46A1-A0DA-A1D1D68380E5}.Debug|Any CPU.ActiveCfg = Debug|Any CPU
		{AF764CCD-BF01-46A1-A0DA-A1D1D68380E5}.Debug|Any CPU.Build.0 = Debug|Any CPU
		{AF764CCD-BF01-46A1-A0DA-A1D1D68380E5}.Release|Any CPU.ActiveCfg = Release|Any CPU
		{AF764CCD-BF01-46A1-A0DA-A1D1D68380E5}.Release|Any CPU.Build.0 = Release|Any CPU
		{D02F1EC7-690D-4BF5-B109-1B9BA88DA183}.Debug|Any CPU.ActiveCfg = Debug|Any CPU
		{D02F1EC7-690D-4BF5-B109-1B9BA88DA183}.Debug|Any CPU.Build.0 = Debug|Any CPU
		{D02F1EC7-690D-4BF5-B109-1B9BA88DA183}.Release|Any CPU.ActiveCfg = Release|Any CPU
		{D02F1EC7-690D-4BF5-B109-1B9BA88DA183}.Release|Any CPU.Build.0 = Release|Any CPU
		{B20F861B-6971-4A23-BBA6-42AA3864A145}.Debug|Any CPU.ActiveCfg = Debug|Any CPU
		{B20F861B-6971-4A23-BBA6-42AA3864A145}.Debug|Any CPU.Build.0 = Debug|Any CPU
		{B20F861B-6971-4A23-BBA6-42AA3864A145}.Release|Any CPU.ActiveCfg = Release|Any CPU
		{B20F861B-6971-4A23-BBA6-42AA3864A145}.Release|Any CPU.Build.0 = Release|Any CPU
		{8D153D30-F1EC-47BD-BAF4-9470FF16A3EA}.Debug|Any CPU.ActiveCfg = Debug|Any CPU
		{8D153D30-F1EC-47BD-BAF4-9470FF16A3EA}.Debug|Any CPU.Build.0 = Debug|Any CPU
		{8D153D30-F1EC-47BD-BAF4-9470FF16A3EA}.Release|Any CPU.ActiveCfg = Release|Any CPU
		{8D153D30-F1EC-47BD-BAF4-9470FF16A3EA}.Release|Any CPU.Build.0 = Release|Any CPU
		{E6D7190C-6CAB-4A53-8EEB-485ECB8E23A9}.Debug|Any CPU.ActiveCfg = Debug|Any CPU
		{E6D7190C-6CAB-4A53-8EEB-485ECB8E23A9}.Debug|Any CPU.Build.0 = Debug|Any CPU
		{E6D7190C-6CAB-4A53-8EEB-485ECB8E23A9}.Release|Any CPU.ActiveCfg = Release|Any CPU
		{E6D7190C-6CAB-4A53-8EEB-485ECB8E23A9}.Release|Any CPU.Build.0 = Release|Any CPU
		{A3F6392B-BFD1-4BAC-B2E8-B870BDBA1E99}.Debug|Any CPU.ActiveCfg = Debug|Any CPU
		{A3F6392B-BFD1-4BAC-B2E8-B870BDBA1E99}.Debug|Any CPU.Build.0 = Debug|Any CPU
		{A3F6392B-BFD1-4BAC-B2E8-B870BDBA1E99}.Release|Any CPU.ActiveCfg = Release|Any CPU
		{A3F6392B-BFD1-4BAC-B2E8-B870BDBA1E99}.Release|Any CPU.Build.0 = Release|Any CPU
		{943B2ABB-902F-495C-8206-2CF038E83A8A}.Debug|Any CPU.ActiveCfg = Debug|Any CPU
		{943B2ABB-902F-495C-8206-2CF038E83A8A}.Debug|Any CPU.Build.0 = Debug|Any CPU
		{943B2ABB-902F-495C-8206-2CF038E83A8A}.Release|Any CPU.ActiveCfg = Release|Any CPU
		{943B2ABB-902F-495C-8206-2CF038E83A8A}.Release|Any CPU.Build.0 = Release|Any CPU
		{56E2A51D-1CB4-43ED-8064-942DBA56C023}.Debug|Any CPU.ActiveCfg = Debug|Any CPU
		{56E2A51D-1CB4-43ED-8064-942DBA56C023}.Debug|Any CPU.Build.0 = Debug|Any CPU
		{56E2A51D-1CB4-43ED-8064-942DBA56C023}.Release|Any CPU.ActiveCfg = Release|Any CPU
		{56E2A51D-1CB4-43ED-8064-942DBA56C023}.Release|Any CPU.Build.0 = Release|Any CPU
		{42BA7ECE-2E78-4BD1-BDF1-D02EE9DCBF66}.Debug|Any CPU.ActiveCfg = Debug|Any CPU
		{42BA7ECE-2E78-4BD1-BDF1-D02EE9DCBF66}.Debug|Any CPU.Build.0 = Debug|Any CPU
		{42BA7ECE-2E78-4BD1-BDF1-D02EE9DCBF66}.Release|Any CPU.ActiveCfg = Release|Any CPU
		{42BA7ECE-2E78-4BD1-BDF1-D02EE9DCBF66}.Release|Any CPU.Build.0 = Release|Any CPU
		{A5CD5A73-AC6D-47E4-8ABB-E2977F6D569C}.Debug|Any CPU.ActiveCfg = Debug|Any CPU
		{A5CD5A73-AC6D-47E4-8ABB-E2977F6D569C}.Debug|Any CPU.Build.0 = Debug|Any CPU
		{A5CD5A73-AC6D-47E4-8ABB-E2977F6D569C}.Release|Any CPU.ActiveCfg = Release|Any CPU
		{A5CD5A73-AC6D-47E4-8ABB-E2977F6D569C}.Release|Any CPU.Build.0 = Release|Any CPU
		{A3CF5A44-5553-4D93-B459-8BD993C002B0}.Debug|Any CPU.ActiveCfg = Debug|Any CPU
		{A3CF5A44-5553-4D93-B459-8BD993C002B0}.Debug|Any CPU.Build.0 = Debug|Any CPU
		{A3CF5A44-5553-4D93-B459-8BD993C002B0}.Release|Any CPU.ActiveCfg = Release|Any CPU
		{A3CF5A44-5553-4D93-B459-8BD993C002B0}.Release|Any CPU.Build.0 = Release|Any CPU
		{A6358B55-4918-4DDC-9AE5-3375EEAAA661}.Debug|Any CPU.ActiveCfg = Debug|Any CPU
		{A6358B55-4918-4DDC-9AE5-3375EEAAA661}.Debug|Any CPU.Build.0 = Debug|Any CPU
		{A6358B55-4918-4DDC-9AE5-3375EEAAA661}.Release|Any CPU.ActiveCfg = Release|Any CPU
		{A6358B55-4918-4DDC-9AE5-3375EEAAA661}.Release|Any CPU.Build.0 = Release|Any CPU
		{A0921EF1-AD6A-4290-BC9B-F8A4DB054420}.Debug|Any CPU.ActiveCfg = Debug|Any CPU
		{A0921EF1-AD6A-4290-BC9B-F8A4DB054420}.Debug|Any CPU.Build.0 = Debug|Any CPU
		{A0921EF1-AD6A-4290-BC9B-F8A4DB054420}.Release|Any CPU.ActiveCfg = Release|Any CPU
		{A0921EF1-AD6A-4290-BC9B-F8A4DB054420}.Release|Any CPU.Build.0 = Release|Any CPU
		{F49FEADF-1520-4E78-8447-25A3D253F33A}.Debug|Any CPU.ActiveCfg = Debug|Any CPU
		{F49FEADF-1520-4E78-8447-25A3D253F33A}.Debug|Any CPU.Build.0 = Debug|Any CPU
		{F49FEADF-1520-4E78-8447-25A3D253F33A}.Release|Any CPU.ActiveCfg = Release|Any CPU
		{F49FEADF-1520-4E78-8447-25A3D253F33A}.Release|Any CPU.Build.0 = Release|Any CPU
		{3483558F-161B-4B99-858D-BABB88B7F9D4}.Debug|Any CPU.ActiveCfg = Debug|Any CPU
		{3483558F-161B-4B99-858D-BABB88B7F9D4}.Debug|Any CPU.Build.0 = Debug|Any CPU
		{3483558F-161B-4B99-858D-BABB88B7F9D4}.Release|Any CPU.ActiveCfg = Release|Any CPU
		{3483558F-161B-4B99-858D-BABB88B7F9D4}.Release|Any CPU.Build.0 = Release|Any CPU
		{B48A9C41-69A1-4D7F-9E3F-10FDE27DD65D}.Debug|Any CPU.ActiveCfg = Debug|Any CPU
		{B48A9C41-69A1-4D7F-9E3F-10FDE27DD65D}.Debug|Any CPU.Build.0 = Debug|Any CPU
		{B48A9C41-69A1-4D7F-9E3F-10FDE27DD65D}.Release|Any CPU.ActiveCfg = Release|Any CPU
		{B48A9C41-69A1-4D7F-9E3F-10FDE27DD65D}.Release|Any CPU.Build.0 = Release|Any CPU
		{AAAA5675-F34E-43CA-A21F-73388DFCC3C3}.Debug|Any CPU.ActiveCfg = Debug|Any CPU
		{AAAA5675-F34E-43CA-A21F-73388DFCC3C3}.Debug|Any CPU.Build.0 = Debug|Any CPU
		{AAAA5675-F34E-43CA-A21F-73388DFCC3C3}.Release|Any CPU.ActiveCfg = Release|Any CPU
		{AAAA5675-F34E-43CA-A21F-73388DFCC3C3}.Release|Any CPU.Build.0 = Release|Any CPU
		{212F9D0F-70A4-4C7F-A199-FC31098B1862}.Debug|Any CPU.ActiveCfg = Debug|Any CPU
		{212F9D0F-70A4-4C7F-A199-FC31098B1862}.Debug|Any CPU.Build.0 = Debug|Any CPU
		{212F9D0F-70A4-4C7F-A199-FC31098B1862}.Release|Any CPU.ActiveCfg = Release|Any CPU
		{212F9D0F-70A4-4C7F-A199-FC31098B1862}.Release|Any CPU.Build.0 = Release|Any CPU
		{CBA82E8C-5EDD-46B1-8A2C-C5614F9F0A0A}.Debug|Any CPU.ActiveCfg = Debug|Any CPU
		{CBA82E8C-5EDD-46B1-8A2C-C5614F9F0A0A}.Debug|Any CPU.Build.0 = Debug|Any CPU
		{CBA82E8C-5EDD-46B1-8A2C-C5614F9F0A0A}.Release|Any CPU.ActiveCfg = Release|Any CPU
		{CBA82E8C-5EDD-46B1-8A2C-C5614F9F0A0A}.Release|Any CPU.Build.0 = Release|Any CPU
		{7B5E618F-CF2F-4A28-8E43-DC560994BE49}.Debug|Any CPU.ActiveCfg = Debug|Any CPU
		{7B5E618F-CF2F-4A28-8E43-DC560994BE49}.Debug|Any CPU.Build.0 = Debug|Any CPU
		{7B5E618F-CF2F-4A28-8E43-DC560994BE49}.Release|Any CPU.ActiveCfg = Release|Any CPU
		{7B5E618F-CF2F-4A28-8E43-DC560994BE49}.Release|Any CPU.Build.0 = Release|Any CPU
		{C20094E7-C3C2-42C6-B506-00860A193B37}.Debug|Any CPU.ActiveCfg = Debug|Any CPU
		{C20094E7-C3C2-42C6-B506-00860A193B37}.Debug|Any CPU.Build.0 = Debug|Any CPU
		{C20094E7-C3C2-42C6-B506-00860A193B37}.Release|Any CPU.ActiveCfg = Release|Any CPU
		{C20094E7-C3C2-42C6-B506-00860A193B37}.Release|Any CPU.Build.0 = Release|Any CPU
		{33F3F584-D275-4788-B70B-9C5F3F32155C}.Debug|Any CPU.ActiveCfg = Debug|Any CPU
		{33F3F584-D275-4788-B70B-9C5F3F32155C}.Debug|Any CPU.Build.0 = Debug|Any CPU
		{33F3F584-D275-4788-B70B-9C5F3F32155C}.Release|Any CPU.ActiveCfg = Release|Any CPU
		{33F3F584-D275-4788-B70B-9C5F3F32155C}.Release|Any CPU.Build.0 = Release|Any CPU
		{8D0C1448-1969-4A51-AC02-C9AD080820B6}.Debug|Any CPU.ActiveCfg = Debug|Any CPU
		{8D0C1448-1969-4A51-AC02-C9AD080820B6}.Debug|Any CPU.Build.0 = Debug|Any CPU
		{8D0C1448-1969-4A51-AC02-C9AD080820B6}.Release|Any CPU.ActiveCfg = Release|Any CPU
		{8D0C1448-1969-4A51-AC02-C9AD080820B6}.Release|Any CPU.Build.0 = Release|Any CPU
		{FDB1FBA6-387F-40AF-B1C7-147243F85B00}.Debug|Any CPU.ActiveCfg = Debug|Any CPU
		{FDB1FBA6-387F-40AF-B1C7-147243F85B00}.Debug|Any CPU.Build.0 = Debug|Any CPU
		{FDB1FBA6-387F-40AF-B1C7-147243F85B00}.Release|Any CPU.ActiveCfg = Release|Any CPU
		{FDB1FBA6-387F-40AF-B1C7-147243F85B00}.Release|Any CPU.Build.0 = Release|Any CPU
		{7808D1CE-A5D2-437D-9E75-8B056681A481}.Debug|Any CPU.ActiveCfg = Debug|Any CPU
		{7808D1CE-A5D2-437D-9E75-8B056681A481}.Debug|Any CPU.Build.0 = Debug|Any CPU
		{7808D1CE-A5D2-437D-9E75-8B056681A481}.Release|Any CPU.ActiveCfg = Release|Any CPU
		{7808D1CE-A5D2-437D-9E75-8B056681A481}.Release|Any CPU.Build.0 = Release|Any CPU
		{E90BC742-AEA4-45D7-A47D-EB581417A130}.Debug|Any CPU.ActiveCfg = Debug|Any CPU
		{E90BC742-AEA4-45D7-A47D-EB581417A130}.Debug|Any CPU.Build.0 = Debug|Any CPU
		{E90BC742-AEA4-45D7-A47D-EB581417A130}.Release|Any CPU.ActiveCfg = Release|Any CPU
		{E90BC742-AEA4-45D7-A47D-EB581417A130}.Release|Any CPU.Build.0 = Release|Any CPU
		{4CF1406A-FBDA-4204-A21D-6B2CAF9D3839}.Debug|Any CPU.ActiveCfg = Debug|Any CPU
		{4CF1406A-FBDA-4204-A21D-6B2CAF9D3839}.Debug|Any CPU.Build.0 = Debug|Any CPU
		{4CF1406A-FBDA-4204-A21D-6B2CAF9D3839}.Release|Any CPU.ActiveCfg = Release|Any CPU
		{4CF1406A-FBDA-4204-A21D-6B2CAF9D3839}.Release|Any CPU.Build.0 = Release|Any CPU
		{17D4D31E-167A-4CFF-9525-CF63EC83FF7D}.Debug|Any CPU.ActiveCfg = Debug|Any CPU
		{17D4D31E-167A-4CFF-9525-CF63EC83FF7D}.Debug|Any CPU.Build.0 = Debug|Any CPU
		{17D4D31E-167A-4CFF-9525-CF63EC83FF7D}.Release|Any CPU.ActiveCfg = Release|Any CPU
		{17D4D31E-167A-4CFF-9525-CF63EC83FF7D}.Release|Any CPU.Build.0 = Release|Any CPU
		{B0723119-2C71-4F5B-90BE-883F94EE7508}.Debug|Any CPU.ActiveCfg = Debug|Any CPU
		{B0723119-2C71-4F5B-90BE-883F94EE7508}.Debug|Any CPU.Build.0 = Debug|Any CPU
		{B0723119-2C71-4F5B-90BE-883F94EE7508}.Release|Any CPU.ActiveCfg = Release|Any CPU
		{B0723119-2C71-4F5B-90BE-883F94EE7508}.Release|Any CPU.Build.0 = Release|Any CPU
		{F66EE3D8-06DC-40BE-BE5C-1D0D2B029D30}.Debug|Any CPU.ActiveCfg = Debug|Any CPU
		{F66EE3D8-06DC-40BE-BE5C-1D0D2B029D30}.Debug|Any CPU.Build.0 = Debug|Any CPU
		{F66EE3D8-06DC-40BE-BE5C-1D0D2B029D30}.Release|Any CPU.ActiveCfg = Release|Any CPU
		{F66EE3D8-06DC-40BE-BE5C-1D0D2B029D30}.Release|Any CPU.Build.0 = Release|Any CPU
		{DC4BD755-4044-49CE-A3DE-AF41D2A3DE49}.Debug|Any CPU.ActiveCfg = Debug|Any CPU
		{DC4BD755-4044-49CE-A3DE-AF41D2A3DE49}.Debug|Any CPU.Build.0 = Debug|Any CPU
		{DC4BD755-4044-49CE-A3DE-AF41D2A3DE49}.Release|Any CPU.ActiveCfg = Release|Any CPU
		{DC4BD755-4044-49CE-A3DE-AF41D2A3DE49}.Release|Any CPU.Build.0 = Release|Any CPU
		{10D318AB-12C4-4790-8C7F-B9868CEBD801}.Debug|Any CPU.ActiveCfg = Debug|Any CPU
		{10D318AB-12C4-4790-8C7F-B9868CEBD801}.Debug|Any CPU.Build.0 = Debug|Any CPU
		{10D318AB-12C4-4790-8C7F-B9868CEBD801}.Release|Any CPU.ActiveCfg = Release|Any CPU
		{10D318AB-12C4-4790-8C7F-B9868CEBD801}.Release|Any CPU.Build.0 = Release|Any CPU
		{8B0D6AD3-034B-462E-B6E6-AEBF4EEB67DC}.Debug|Any CPU.ActiveCfg = Debug|Any CPU
		{8B0D6AD3-034B-462E-B6E6-AEBF4EEB67DC}.Debug|Any CPU.Build.0 = Debug|Any CPU
		{8B0D6AD3-034B-462E-B6E6-AEBF4EEB67DC}.Release|Any CPU.ActiveCfg = Release|Any CPU
		{8B0D6AD3-034B-462E-B6E6-AEBF4EEB67DC}.Release|Any CPU.Build.0 = Release|Any CPU
		{AD254315-A38C-43FF-AD89-11CA65656657}.Debug|Any CPU.ActiveCfg = Debug|Any CPU
		{AD254315-A38C-43FF-AD89-11CA65656657}.Debug|Any CPU.Build.0 = Debug|Any CPU
		{AD254315-A38C-43FF-AD89-11CA65656657}.Release|Any CPU.ActiveCfg = Release|Any CPU
		{AD254315-A38C-43FF-AD89-11CA65656657}.Release|Any CPU.Build.0 = Release|Any CPU
		{351FA0AF-CD7E-4675-9BAC-69D6E6870D83}.Debug|Any CPU.ActiveCfg = Debug|Any CPU
		{351FA0AF-CD7E-4675-9BAC-69D6E6870D83}.Debug|Any CPU.Build.0 = Debug|Any CPU
		{351FA0AF-CD7E-4675-9BAC-69D6E6870D83}.Release|Any CPU.ActiveCfg = Release|Any CPU
		{351FA0AF-CD7E-4675-9BAC-69D6E6870D83}.Release|Any CPU.Build.0 = Release|Any CPU
		{14765D29-A183-468D-AEAB-D43D2D07B7B1}.Debug|Any CPU.ActiveCfg = Debug|Any CPU
		{14765D29-A183-468D-AEAB-D43D2D07B7B1}.Debug|Any CPU.Build.0 = Debug|Any CPU
		{14765D29-A183-468D-AEAB-D43D2D07B7B1}.Release|Any CPU.ActiveCfg = Release|Any CPU
		{14765D29-A183-468D-AEAB-D43D2D07B7B1}.Release|Any CPU.Build.0 = Release|Any CPU
		{8D44F79F-E749-4D7F-81EF-9847CBDD5D35}.Debug|Any CPU.ActiveCfg = Debug|Any CPU
		{8D44F79F-E749-4D7F-81EF-9847CBDD5D35}.Debug|Any CPU.Build.0 = Debug|Any CPU
		{8D44F79F-E749-4D7F-81EF-9847CBDD5D35}.Release|Any CPU.ActiveCfg = Release|Any CPU
		{8D44F79F-E749-4D7F-81EF-9847CBDD5D35}.Release|Any CPU.Build.0 = Release|Any CPU
		{68CBE5E9-6828-42EE-BA3E-C6A66442BFAA}.Debug|Any CPU.ActiveCfg = Debug|Any CPU
		{68CBE5E9-6828-42EE-BA3E-C6A66442BFAA}.Debug|Any CPU.Build.0 = Debug|Any CPU
		{68CBE5E9-6828-42EE-BA3E-C6A66442BFAA}.Release|Any CPU.ActiveCfg = Release|Any CPU
		{68CBE5E9-6828-42EE-BA3E-C6A66442BFAA}.Release|Any CPU.Build.0 = Release|Any CPU
		{3E3530C1-5354-45D7-93C9-AA98C0FF54CA}.Debug|Any CPU.ActiveCfg = Debug|Any CPU
		{3E3530C1-5354-45D7-93C9-AA98C0FF54CA}.Debug|Any CPU.Build.0 = Debug|Any CPU
		{3E3530C1-5354-45D7-93C9-AA98C0FF54CA}.Release|Any CPU.ActiveCfg = Release|Any CPU
		{3E3530C1-5354-45D7-93C9-AA98C0FF54CA}.Release|Any CPU.Build.0 = Release|Any CPU
		{CE9D4A48-80B5-48B0-88A0-FA8003526D1B}.Debug|Any CPU.ActiveCfg = Debug|Any CPU
		{CE9D4A48-80B5-48B0-88A0-FA8003526D1B}.Debug|Any CPU.Build.0 = Debug|Any CPU
		{CE9D4A48-80B5-48B0-88A0-FA8003526D1B}.Release|Any CPU.ActiveCfg = Release|Any CPU
		{CE9D4A48-80B5-48B0-88A0-FA8003526D1B}.Release|Any CPU.Build.0 = Release|Any CPU
		{E1F7CDC0-129F-46D1-AAA4-6DCCA45FAA15}.Debug|Any CPU.ActiveCfg = Debug|Any CPU
		{E1F7CDC0-129F-46D1-AAA4-6DCCA45FAA15}.Debug|Any CPU.Build.0 = Debug|Any CPU
		{E1F7CDC0-129F-46D1-AAA4-6DCCA45FAA15}.Release|Any CPU.ActiveCfg = Release|Any CPU
		{E1F7CDC0-129F-46D1-AAA4-6DCCA45FAA15}.Release|Any CPU.Build.0 = Release|Any CPU
		{92AA79AD-C51F-430D-8278-C985B6E11673}.Debug|Any CPU.ActiveCfg = Debug|Any CPU
		{92AA79AD-C51F-430D-8278-C985B6E11673}.Debug|Any CPU.Build.0 = Debug|Any CPU
		{92AA79AD-C51F-430D-8278-C985B6E11673}.Release|Any CPU.ActiveCfg = Release|Any CPU
		{92AA79AD-C51F-430D-8278-C985B6E11673}.Release|Any CPU.Build.0 = Release|Any CPU
		{BCC51CC9-5760-49F8-87C1-EEC913BBD412}.Debug|Any CPU.ActiveCfg = Debug|Any CPU
		{BCC51CC9-5760-49F8-87C1-EEC913BBD412}.Debug|Any CPU.Build.0 = Debug|Any CPU
		{BCC51CC9-5760-49F8-87C1-EEC913BBD412}.Release|Any CPU.ActiveCfg = Release|Any CPU
		{BCC51CC9-5760-49F8-87C1-EEC913BBD412}.Release|Any CPU.Build.0 = Release|Any CPU
		{90033D33-A703-4ED1-8926-1931AF55C8E6}.Debug|Any CPU.ActiveCfg = Debug|Any CPU
		{90033D33-A703-4ED1-8926-1931AF55C8E6}.Debug|Any CPU.Build.0 = Debug|Any CPU
		{90033D33-A703-4ED1-8926-1931AF55C8E6}.Release|Any CPU.ActiveCfg = Release|Any CPU
		{90033D33-A703-4ED1-8926-1931AF55C8E6}.Release|Any CPU.Build.0 = Release|Any CPU
		{FBBEA93E-5E8A-40E1-BBAE-44E5B9D8EA13}.Debug|Any CPU.ActiveCfg = Debug|Any CPU
		{FBBEA93E-5E8A-40E1-BBAE-44E5B9D8EA13}.Debug|Any CPU.Build.0 = Debug|Any CPU
		{FBBEA93E-5E8A-40E1-BBAE-44E5B9D8EA13}.Release|Any CPU.ActiveCfg = Release|Any CPU
		{FBBEA93E-5E8A-40E1-BBAE-44E5B9D8EA13}.Release|Any CPU.Build.0 = Release|Any CPU
		{7D2357C7-6D0E-4EB6-AE85-F1530615B924}.Debug|Any CPU.ActiveCfg = Debug|Any CPU
		{7D2357C7-6D0E-4EB6-AE85-F1530615B924}.Debug|Any CPU.Build.0 = Debug|Any CPU
		{7D2357C7-6D0E-4EB6-AE85-F1530615B924}.Release|Any CPU.ActiveCfg = Release|Any CPU
		{7D2357C7-6D0E-4EB6-AE85-F1530615B924}.Release|Any CPU.Build.0 = Release|Any CPU
		{82CE2DF0-F5E0-4F3A-BFFA-0A6DBA875A36}.Debug|Any CPU.ActiveCfg = Debug|Any CPU
		{82CE2DF0-F5E0-4F3A-BFFA-0A6DBA875A36}.Debug|Any CPU.Build.0 = Debug|Any CPU
		{82CE2DF0-F5E0-4F3A-BFFA-0A6DBA875A36}.Release|Any CPU.ActiveCfg = Release|Any CPU
		{82CE2DF0-F5E0-4F3A-BFFA-0A6DBA875A36}.Release|Any CPU.Build.0 = Release|Any CPU
		{525D3D3A-2891-4A94-9445-4ED0144EE2CB}.Debug|Any CPU.ActiveCfg = Debug|Any CPU
		{525D3D3A-2891-4A94-9445-4ED0144EE2CB}.Debug|Any CPU.Build.0 = Debug|Any CPU
		{525D3D3A-2891-4A94-9445-4ED0144EE2CB}.Release|Any CPU.ActiveCfg = Release|Any CPU
		{525D3D3A-2891-4A94-9445-4ED0144EE2CB}.Release|Any CPU.Build.0 = Release|Any CPU
		{DF22402A-94F9-4AEB-82A2-F963A290B4B4}.Debug|Any CPU.ActiveCfg = Debug|Any CPU
		{DF22402A-94F9-4AEB-82A2-F963A290B4B4}.Debug|Any CPU.Build.0 = Debug|Any CPU
		{DF22402A-94F9-4AEB-82A2-F963A290B4B4}.Release|Any CPU.ActiveCfg = Release|Any CPU
		{DF22402A-94F9-4AEB-82A2-F963A290B4B4}.Release|Any CPU.Build.0 = Release|Any CPU
	EndGlobalSection
	GlobalSection(SolutionProperties) = preSolution
		HideSolutionNode = FALSE
	EndGlobalSection
	GlobalSection(NestedProjects) = preSolution
		{A6D665C2-35A4-4BA1-B31C-45EF0EBB51EF} = {58953C4B-5029-4B38-854C-DD2942EA6D7D}
		{DA52FB16-67DA-4AA3-A0C5-3195862E15A0} = {58953C4B-5029-4B38-854C-DD2942EA6D7D}
		{D5317A4D-0F8F-40EE-BC68-52B1B64C9233} = {58953C4B-5029-4B38-854C-DD2942EA6D7D}
		{10CEB9A5-E1AA-474F-B9B1-6604A463CF81} = {58953C4B-5029-4B38-854C-DD2942EA6D7D}
		{8ABE79BC-080F-4139-A2B5-0887D159ADCE} = {58953C4B-5029-4B38-854C-DD2942EA6D7D}
		{14CC7FE9-4A65-4A4E-8869-F3A637BF51C7} = {CBDD769A-22D2-45F1-AA00-2B22DDA28944}
		{3C91B63D-53A8-45DB-AFCC-E64932000264} = {CBDD769A-22D2-45F1-AA00-2B22DDA28944}
		{77B1CB64-CCD5-4B33-A607-E60C1A7A49CA} = {CBDD769A-22D2-45F1-AA00-2B22DDA28944}
		{257F0A97-F8F1-4BF0-9131-79401F92832D} = {CBDD769A-22D2-45F1-AA00-2B22DDA28944}
		{1C6F090D-D747-43DE-A2ED-96DF4B637599} = {CBDD769A-22D2-45F1-AA00-2B22DDA28944}
		{321A0A42-389F-4C77-AD94-085A92C0B04B} = {CBDD769A-22D2-45F1-AA00-2B22DDA28944}
		{8ABBEFC1-E108-47A0-A887-934144E567F8} = {CBDD769A-22D2-45F1-AA00-2B22DDA28944}
		{C49B4D37-628B-4398-96EA-56CFB7457714} = {CBDD769A-22D2-45F1-AA00-2B22DDA28944}
		{54877913-102E-44BA-AF2C-03D2AA858794} = {CBDD769A-22D2-45F1-AA00-2B22DDA28944}
		{C75B73A8-9E57-418A-9B9A-E61650A8E10B} = {7C3E8F68-D4EF-4488-8C1D-71E5E2CAD63B}
		{813E59CB-F296-4963-97D7-A176F243797A} = {7C3E8F68-D4EF-4488-8C1D-71E5E2CAD63B}
		{9644CB69-7E53-49A4-A726-BF1CB4239DC0} = {7C3E8F68-D4EF-4488-8C1D-71E5E2CAD63B}
		{4BB15AC4-EA43-4AA5-B522-9B1EBA994CEC} = {7C3E8F68-D4EF-4488-8C1D-71E5E2CAD63B}
		{AF764CCD-BF01-46A1-A0DA-A1D1D68380E5} = {7C3E8F68-D4EF-4488-8C1D-71E5E2CAD63B}
		{D02F1EC7-690D-4BF5-B109-1B9BA88DA183} = {7C3E8F68-D4EF-4488-8C1D-71E5E2CAD63B}
		{B20F861B-6971-4A23-BBA6-42AA3864A145} = {7C3E8F68-D4EF-4488-8C1D-71E5E2CAD63B}
		{8D153D30-F1EC-47BD-BAF4-9470FF16A3EA} = {7C3E8F68-D4EF-4488-8C1D-71E5E2CAD63B}
		{E6D7190C-6CAB-4A53-8EEB-485ECB8E23A9} = {7C3E8F68-D4EF-4488-8C1D-71E5E2CAD63B}
		{A3F6392B-BFD1-4BAC-B2E8-B870BDBA1E99} = {8938D5C0-3C74-4A47-8148-F9904D3BFD68}
		{943B2ABB-902F-495C-8206-2CF038E83A8A} = {8938D5C0-3C74-4A47-8148-F9904D3BFD68}
		{56E2A51D-1CB4-43ED-8064-942DBA56C023} = {8938D5C0-3C74-4A47-8148-F9904D3BFD68}
		{42BA7ECE-2E78-4BD1-BDF1-D02EE9DCBF66} = {8938D5C0-3C74-4A47-8148-F9904D3BFD68}
		{A5CD5A73-AC6D-47E4-8ABB-E2977F6D569C} = {8938D5C0-3C74-4A47-8148-F9904D3BFD68}
		{A3CF5A44-5553-4D93-B459-8BD993C002B0} = {8938D5C0-3C74-4A47-8148-F9904D3BFD68}
		{A6358B55-4918-4DDC-9AE5-3375EEAAA661} = {4E95FB5A-94FD-423D-9F80-05B35F68B547}
		{A0921EF1-AD6A-4290-BC9B-F8A4DB054420} = {4E95FB5A-94FD-423D-9F80-05B35F68B547}
		{F49FEADF-1520-4E78-8447-25A3D253F33A} = {4E95FB5A-94FD-423D-9F80-05B35F68B547}
		{3483558F-161B-4B99-858D-BABB88B7F9D4} = {4E95FB5A-94FD-423D-9F80-05B35F68B547}
		{B48A9C41-69A1-4D7F-9E3F-10FDE27DD65D} = {A8BD3DA0-5336-4E06-9B25-F903DBA7414A}
		{AAAA5675-F34E-43CA-A21F-73388DFCC3C3} = {A8BD3DA0-5336-4E06-9B25-F903DBA7414A}
		{212F9D0F-70A4-4C7F-A199-FC31098B1862} = {A8BD3DA0-5336-4E06-9B25-F903DBA7414A}
		{CBA82E8C-5EDD-46B1-8A2C-C5614F9F0A0A} = {A8BD3DA0-5336-4E06-9B25-F903DBA7414A}
		{7B5E618F-CF2F-4A28-8E43-DC560994BE49} = {A8BD3DA0-5336-4E06-9B25-F903DBA7414A}
		{C20094E7-C3C2-42C6-B506-00860A193B37} = {A8BD3DA0-5336-4E06-9B25-F903DBA7414A}
		{33F3F584-D275-4788-B70B-9C5F3F32155C} = {A8BD3DA0-5336-4E06-9B25-F903DBA7414A}
		{8D0C1448-1969-4A51-AC02-C9AD080820B6} = {245F682E-2E1F-4DF6-8C10-0111A46F06CD}
		{FDB1FBA6-387F-40AF-B1C7-147243F85B00} = {245F682E-2E1F-4DF6-8C10-0111A46F06CD}
		{7808D1CE-A5D2-437D-9E75-8B056681A481} = {245F682E-2E1F-4DF6-8C10-0111A46F06CD}
		{E90BC742-AEA4-45D7-A47D-EB581417A130} = {245F682E-2E1F-4DF6-8C10-0111A46F06CD}
		{4CF1406A-FBDA-4204-A21D-6B2CAF9D3839} = {A2519548-99F4-4FB9-AFCF-2251212AED4F}
		{17D4D31E-167A-4CFF-9525-CF63EC83FF7D} = {A2519548-99F4-4FB9-AFCF-2251212AED4F}
		{B0723119-2C71-4F5B-90BE-883F94EE7508} = {E1267B4A-2235-4462-9445-C5A2E6276824}
		{F66EE3D8-06DC-40BE-BE5C-1D0D2B029D30} = {C61F69E5-8297-4CF6-8320-93FC528FD7D9}
		{DC4BD755-4044-49CE-A3DE-AF41D2A3DE49} = {4EA2321F-1EFA-4984-A0F3-6CA2068B5348}
		{10D318AB-12C4-4790-8C7F-B9868CEBD801} = {25DDFCB5-9F80-4286-B1B1-33363C3179C5}
		{8B0D6AD3-034B-462E-B6E6-AEBF4EEB67DC} = {2EE7268E-9B75-43AA-88AF-5B98847BA9B4}
		{AD254315-A38C-43FF-AD89-11CA65656657} = {2EE7268E-9B75-43AA-88AF-5B98847BA9B4}
		{351FA0AF-CD7E-4675-9BAC-69D6E6870D83} = {2EE7268E-9B75-43AA-88AF-5B98847BA9B4}
		{14765D29-A183-468D-AEAB-D43D2D07B7B1} = {5D2B04C6-72AD-49C6-B531-1B96959D926F}
		{8D44F79F-E749-4D7F-81EF-9847CBDD5D35} = {5D2B04C6-72AD-49C6-B531-1B96959D926F}
		{68CBE5E9-6828-42EE-BA3E-C6A66442BFAA} = {5671FD34-B449-4605-8A68-F758AFA34C90}
		{3E3530C1-5354-45D7-93C9-AA98C0FF54CA} = {5671FD34-B449-4605-8A68-F758AFA34C90}
		{CE9D4A48-80B5-48B0-88A0-FA8003526D1B} = {FBF4CEA5-5C4C-47BC-8F82-0D53E6554588}
		{E1F7CDC0-129F-46D1-AAA4-6DCCA45FAA15} = {1EC3866D-0DC7-44F7-9897-2DEEF978379B}
		{92AA79AD-C51F-430D-8278-C985B6E11673} = {8FBBC4DD-D695-4CBE-954E-42D53291B770}
		{BCC51CC9-5760-49F8-87C1-EEC913BBD412} = {8FBBC4DD-D695-4CBE-954E-42D53291B770}
		{90033D33-A703-4ED1-8926-1931AF55C8E6} = {8FBBC4DD-D695-4CBE-954E-42D53291B770}
		{FBBEA93E-5E8A-40E1-BBAE-44E5B9D8EA13} = {795F9939-BB4C-4AAE-9ED5-B454540209F1}
		{7D2357C7-6D0E-4EB6-AE85-F1530615B924} = {E147D0EE-7A79-4F50-9E6A-7C93B800189F}
		{82CE2DF0-F5E0-4F3A-BFFA-0A6DBA875A36} = {E147D0EE-7A79-4F50-9E6A-7C93B800189F}
		{525D3D3A-2891-4A94-9445-4ED0144EE2CB} = {6EA9CAE0-42EF-4A69-9A63-C8EB55A0119B}
		{DF22402A-94F9-4AEB-82A2-F963A290B4B4} = {8597861A-B586-49B1-ACE0-4FC8B69522AC}
	EndGlobalSection
	GlobalSection(ExtensibilityGlobals) = postSolution
		SolutionGuid = {D3553EFB-388A-4D46-AB65-D42CBE23D24D}
	EndGlobalSection
EndGlobal
